// !$*UTF8*$!
{
	archiveVersion = 1;
	classes = {
	};
	objectVersion = 77;
	objects = {

/* Begin PBXBuildFile section */
		05113E83F30B6762FB626B59 /* KeyboardBindings.swift in Sources */ = {isa = PBXBuildFile; fileRef = FC7870DDD57C42F194380DA1 /* KeyboardBindings.swift */; };
		07A1F1E2E8DAACE51B02FDC5 /* StringLineLocation.swift in Sources */ = {isa = PBXBuildFile; fileRef = C8B74950ACAAA2D21C1E3B09 /* StringLineLocation.swift */; };
		10CBD81277CBDAB157886D44 /* SourceLocationConverter.swift in Sources */ = {isa = PBXBuildFile; fileRef = BEA019E8765214B4E39BD6F3 /* SourceLocationConverter.swift */; };
		114A182098B0BA1BF3283B3A /* MutationPrimitive.swift in Sources */ = {isa = PBXBuildFile; fileRef = E332B869BD3500F673ADDA2C /* MutationPrimitive.swift */; };
		12E540CFFA8AA7B66C5806BA /* MarkdownRenderer.swift in Sources */ = {isa = PBXBuildFile; fileRef = 0A820F4149CBCDE8C63293B3 /* MarkdownRenderer.swift */; };
		15745820A86D52F1E766A371 /* FolderTreeWatcher.swift in Sources */ = {isa = PBXBuildFile; fileRef = 17FC8BA650E33E92D0ADCC9E /* FolderTreeWatcher.swift */; };
		23F8FB1A2F03FB968F1C7977 /* URLSchemeHandler.swift in Sources */ = {isa = PBXBuildFile; fileRef = 3CBAA081C0FC098EFA83A8EC /* URLSchemeHandler.swift */; };
		26B4FB1A9AD45261E78B3A47 /* LiveRenderTextView.swift in Sources */ = {isa = PBXBuildFile; fileRef = 733C5884A193A7F2F12492FE /* LiveRenderTextView.swift */; };
		27609E9F6FE589636494F49D /* BulletListMutation.swift in Sources */ = {isa = PBXBuildFile; fileRef = 4D7CFB400CAB34EABC74D518 /* BulletListMutation.swift */; };
		323A753C16056D56B441C81B /* CommandSurface.swift in Sources */ = {isa = PBXBuildFile; fileRef = F853A094F4BFC4386FAA5854 /* CommandSurface.swift */; };
		325CEE5C8D0FAB09DE4417D8 /* Markdown in Frameworks */ = {isa = PBXBuildFile; productRef = F2CAAB3B6DF1667818F6D329 /* Markdown */; };
		32F266F823BC3F25F489BA43 /* InlineCodeMutation.swift in Sources */ = {isa = PBXBuildFile; fileRef = 38B8648E855C0852B13DBD8B /* InlineCodeMutation.swift */; };
		37852AF9969A7148A174080D /* WorkspaceView.swift in Sources */ = {isa = PBXBuildFile; fileRef = A5CD85D99BA4A020FC41BBAF /* WorkspaceView.swift */; };
		38123D3E013026B5BB41A264 /* EditorDispatcherRegistry.swift in Sources */ = {isa = PBXBuildFile; fileRef = 770FBECB95BF5127256B338C /* EditorDispatcherRegistry.swift */; };
		3F6B21F07D4279396B7F1D66 /* MutationKeyboardTests.swift in Sources */ = {isa = PBXBuildFile; fileRef = B038FAE2D09EC30C229AB152 /* MutationKeyboardTests.swift */; };
		4BB6F23633E3B1073C4D98C5 /* MutationResolver.swift in Sources */ = {isa = PBXBuildFile; fileRef = 94E5D9317F80A9FFE42F4FCC /* MutationResolver.swift */; };
		4BE45061582C8A8E09F25BC0 /* EmptyEditorView.swift in Sources */ = {isa = PBXBuildFile; fileRef = A03D8CF6CE596C7EA09CBC7D /* EmptyEditorView.swift */; };
		50140E0B73804ECBE7BF58A3 /* AppSettings.swift in Sources */ = {isa = PBXBuildFile; fileRef = 1D1504C30B534BEB9009CA61 /* AppSettings.swift */; };
		50B2D5393A2D8B77DA0F253C /* EditorContainer.swift in Sources */ = {isa = PBXBuildFile; fileRef = 62DE46573E4A695892A562C4 /* EditorContainer.swift */; };
		534AD94B3720889CA88F77EA /* OpenFileCommand.swift in Sources */ = {isa = PBXBuildFile; fileRef = 69817DBA04965C17C8E978A7 /* OpenFileCommand.swift */; };
		5611141BE52339A49A45837B /* HeadingToolbarMenu.swift in Sources */ = {isa = PBXBuildFile; fileRef = DABB663FF217226C1D9A2A68 /* HeadingToolbarMenu.swift */; };
		56408ED1057CE7107CBEEC31 /* RenderTypes.swift in Sources */ = {isa = PBXBuildFile; fileRef = 294BD3B18C115E29D5C5F78F /* RenderTypes.swift */; };
		5B8EA51A489DEF23F9347DE7 /* SecurityScopedBookmarkStore.swift in Sources */ = {isa = PBXBuildFile; fileRef = 9C46766ACF5951852C54D492 /* SecurityScopedBookmarkStore.swift */; };
		5C734BA72E654D8231454FCE /* DocumentType.swift in Sources */ = {isa = PBXBuildFile; fileRef = 68B749D1CDF660EAF232A846 /* DocumentType.swift */; };
		5D2D9AB116332614C2150927 /* ItalicMutation.swift in Sources */ = {isa = PBXBuildFile; fileRef = 8133DDE032155B87C4A2650B /* ItalicMutation.swift */; };
		60C87C7A915342EF5D456809 /* NumberedListMutation.swift in Sources */ = {isa = PBXBuildFile; fileRef = E41972F49DFED5E127BBD907 /* NumberedListMutation.swift */; };
		6212CE254D70E34FE5108C7D /* CommandDispatcher.swift in Sources */ = {isa = PBXBuildFile; fileRef = 8CB66D53DAB29A94D4AF1010 /* CommandDispatcher.swift */; };
		66A37C5D45DF3435B1A0639A /* ExternalEditWatcher.swift in Sources */ = {isa = PBXBuildFile; fileRef = 26CDDD26C2522BA7B0D64A04 /* ExternalEditWatcher.swift */; };
		683A417414B5BA93D80FBFF5 /* AccessibilityIdentifiers.swift in Sources */ = {isa = PBXBuildFile; fileRef = 9024FAC03EE99272432215C5 /* AccessibilityIdentifiers.swift */; };
		6A29B99B1BC477966EFD6F57 /* TabBarView.swift in Sources */ = {isa = PBXBuildFile; fileRef = A8F1E5A7D9544B0E06705EBD /* TabBarView.swift */; };
		73A7E564DBE3AB14C6A1F2F4 /* EditorDispatcherFocusedValue.swift in Sources */ = {isa = PBXBuildFile; fileRef = B52BCA512A2CD2F234C04E34 /* EditorDispatcherFocusedValue.swift */; };
		73ABE75837AEBDC02F49A70D /* Localizable.xcstrings in Resources */ = {isa = PBXBuildFile; fileRef = 0D92DC285345487855A6BEDB /* Localizable.xcstrings */; };
		74D110B4A42E5E7D66D7CD71 /* MdEditorApp.swift in Sources */ = {isa = PBXBuildFile; fileRef = 9E66304DB913077076594ACF /* MdEditorApp.swift */; };
		7D9EBA3EE9944641D492EB16 /* MutationToolbarTests.swift in Sources */ = {isa = PBXBuildFile; fileRef = 8BBAE8875CC8A86DE2337B2F /* MutationToolbarTests.swift */; };
		7FEB015C81AC6829AC9F3050 /* HeadingMutations.swift in Sources */ = {isa = PBXBuildFile; fileRef = F2484BD135E61A6A91F4793E /* HeadingMutations.swift */; };
		81623B9653112FC0421681F8 /* FolderTreeModel.swift in Sources */ = {isa = PBXBuildFile; fileRef = 01339A1821164361B52A1266 /* FolderTreeModel.swift */; };
		8497072ED723890B67CC74E2 /* WorkspaceStore.swift in Sources */ = {isa = PBXBuildFile; fileRef = 553EA0392CDEB0455C90FC2F /* WorkspaceStore.swift */; };
		889FAC8100CC57FC80459DF7 /* OpenFolderCommand.swift in Sources */ = {isa = PBXBuildFile; fileRef = C72B9481B2B2DEC236C3C389 /* OpenFolderCommand.swift */; };
		8C22915BD0E56A96BCE845A5 /* EditorFocusTarget.swift in Sources */ = {isa = PBXBuildFile; fileRef = DA53ED5FC52B03E72A289E5B /* EditorFocusTarget.swift */; };
		93C61A0D688DE99421473564 /* ExternalCommand.swift in Sources */ = {isa = PBXBuildFile; fileRef = 2915770F0DE907514BFA4BCB /* ExternalCommand.swift */; };
		96CD4BE30D86169942098782 /* TabStore.swift in Sources */ = {isa = PBXBuildFile; fileRef = 736D7D2A74FC7C773CBEDC6B /* TabStore.swift */; };
		9C2088280AABDF39A2A1C227 /* ToolbarAction.swift in Sources */ = {isa = PBXBuildFile; fileRef = 5CC7F2CDE174D7A636EED51B /* ToolbarAction.swift */; };
		AA804B904BC3804E03FE4458 /* DocumentTypeRegistry.swift in Sources */ = {isa = PBXBuildFile; fileRef = ABB27C546F668F30E645724B /* DocumentTypeRegistry.swift */; };
		ABB890A28AF3D932A0C43A9C /* MarkdownDocumentType.swift in Sources */ = {isa = PBXBuildFile; fileRef = 87B7D9987868179EBCB7AF10 /* MarkdownDocumentType.swift */; };
		AD77010A6B731F8E0BF110F6 /* Typography.swift in Sources */ = {isa = PBXBuildFile; fileRef = F502CAF4F917C92730CA9663 /* Typography.swift */; };
		B2BE671A4277345A6E3E7427 /* CodeBlockSafety.swift in Sources */ = {isa = PBXBuildFile; fileRef = 0DEEAB0947CED2E87CE4DDAD /* CodeBlockSafety.swift */; };
		B4602C6248AF2BBADA64EF6F /* ToolbarButton.swift in Sources */ = {isa = PBXBuildFile; fileRef = 5C1ABD3965302A0DADDB34BE /* ToolbarButton.swift */; };
		BAFADE7E6F05533D48F5F14C /* LinkMutation.swift in Sources */ = {isa = PBXBuildFile; fileRef = 8B0D75F7987F596BA98D2F95 /* LinkMutation.swift */; };
		BCC77325D18BBDFE60AD09AF /* WindowAccessor.swift in Sources */ = {isa = PBXBuildFile; fileRef = 2377BBD1FDE6C23DAFF69D3E /* WindowAccessor.swift */; };
		BD2F1714497FD0E4A637E025 /* CursorLineTracker.swift in Sources */ = {isa = PBXBuildFile; fileRef = 7BE760CB7674EC82B2EEE54F /* CursorLineTracker.swift */; };
		C4B09F580815ABDDE420685F /* LaunchSmokeTests.swift in Sources */ = {isa = PBXBuildFile; fileRef = 2BA7C352C4BEA557B5E5A07A /* LaunchSmokeTests.swift */; };
		D2E5C80D28F7F100982EB876 /* BoldMutation.swift in Sources */ = {isa = PBXBuildFile; fileRef = B1E1E708BEBADEEC6BBCD3E2 /* BoldMutation.swift */; };
		EB39075ABB7FA96955213606 /* FolderTreeView.swift in Sources */ = {isa = PBXBuildFile; fileRef = D0B5DFD3FDD072F772FC2A07 /* FolderTreeView.swift */; };
		EE45FB6087116ECA1BB182BE /* MutationHelpers.swift in Sources */ = {isa = PBXBuildFile; fileRef = C80DE85975844E9F6898D021 /* MutationHelpers.swift */; };
		F8421E4664863007B6773E37 /* EditorDocument.swift in Sources */ = {isa = PBXBuildFile; fileRef = A1D086F044F795F5BE8F33D4 /* EditorDocument.swift */; };
/* End PBXBuildFile section */

/* Begin PBXContainerItemProxy section */
		CBB376C2EC70F817E9D7D94F /* PBXContainerItemProxy */ = {
			isa = PBXContainerItemProxy;
			containerPortal = 4B0050D6E96ECDC31F3596D8 /* Project object */;
			proxyType = 1;
			remoteGlobalIDString = 182EAD9731EF0C0CEDFA91FA;
			remoteInfo = MdEditor;
		};
/* End PBXContainerItemProxy section */

/* Begin PBXFileReference section */
		01339A1821164361B52A1266 /* FolderTreeModel.swift */ = {isa = PBXFileReference; lastKnownFileType = sourcecode.swift; path = FolderTreeModel.swift; sourceTree = "<group>"; };
		04074552ACDA1A48A62227CA /* MdEditorUITests.xctest */ = {isa = PBXFileReference; explicitFileType = wrapper.cfbundle; includeInIndex = 0; path = MdEditorUITests.xctest; sourceTree = BUILT_PRODUCTS_DIR; };
		06775229336398DD58412F9D /* MdEditor.app */ = {isa = PBXFileReference; explicitFileType = wrapper.application; includeInIndex = 0; path = MdEditor.app; sourceTree = BUILT_PRODUCTS_DIR; };
		0A820F4149CBCDE8C63293B3 /* MarkdownRenderer.swift */ = {isa = PBXFileReference; lastKnownFileType = sourcecode.swift; path = MarkdownRenderer.swift; sourceTree = "<group>"; };
		0D92DC285345487855A6BEDB /* Localizable.xcstrings */ = {isa = PBXFileReference; lastKnownFileType = text.json.xcstrings; path = Localizable.xcstrings; sourceTree = "<group>"; };
		0DEEAB0947CED2E87CE4DDAD /* CodeBlockSafety.swift */ = {isa = PBXFileReference; lastKnownFileType = sourcecode.swift; path = CodeBlockSafety.swift; sourceTree = "<group>"; };
		17FC8BA650E33E92D0ADCC9E /* FolderTreeWatcher.swift */ = {isa = PBXFileReference; lastKnownFileType = sourcecode.swift; path = FolderTreeWatcher.swift; sourceTree = "<group>"; };
		1D1504C30B534BEB9009CA61 /* AppSettings.swift */ = {isa = PBXFileReference; lastKnownFileType = sourcecode.swift; path = AppSettings.swift; sourceTree = "<group>"; };
		2377BBD1FDE6C23DAFF69D3E /* WindowAccessor.swift */ = {isa = PBXFileReference; lastKnownFileType = sourcecode.swift; path = WindowAccessor.swift; sourceTree = "<group>"; };
		26CDDD26C2522BA7B0D64A04 /* ExternalEditWatcher.swift */ = {isa = PBXFileReference; lastKnownFileType = sourcecode.swift; path = ExternalEditWatcher.swift; sourceTree = "<group>"; };
		2915770F0DE907514BFA4BCB /* ExternalCommand.swift */ = {isa = PBXFileReference; lastKnownFileType = sourcecode.swift; path = ExternalCommand.swift; sourceTree = "<group>"; };
		294BD3B18C115E29D5C5F78F /* RenderTypes.swift */ = {isa = PBXFileReference; lastKnownFileType = sourcecode.swift; path = RenderTypes.swift; sourceTree = "<group>"; };
		2BA7C352C4BEA557B5E5A07A /* LaunchSmokeTests.swift */ = {isa = PBXFileReference; lastKnownFileType = sourcecode.swift; path = LaunchSmokeTests.swift; sourceTree = "<group>"; };
		38B8648E855C0852B13DBD8B /* InlineCodeMutation.swift */ = {isa = PBXFileReference; lastKnownFileType = sourcecode.swift; path = InlineCodeMutation.swift; sourceTree = "<group>"; };
		3CBAA081C0FC098EFA83A8EC /* URLSchemeHandler.swift */ = {isa = PBXFileReference; lastKnownFileType = sourcecode.swift; path = URLSchemeHandler.swift; sourceTree = "<group>"; };
		4D7CFB400CAB34EABC74D518 /* BulletListMutation.swift */ = {isa = PBXFileReference; lastKnownFileType = sourcecode.swift; path = BulletListMutation.swift; sourceTree = "<group>"; };
		553EA0392CDEB0455C90FC2F /* WorkspaceStore.swift */ = {isa = PBXFileReference; lastKnownFileType = sourcecode.swift; path = WorkspaceStore.swift; sourceTree = "<group>"; };
		5C1ABD3965302A0DADDB34BE /* ToolbarButton.swift */ = {isa = PBXFileReference; lastKnownFileType = sourcecode.swift; path = ToolbarButton.swift; sourceTree = "<group>"; };
		5CC7F2CDE174D7A636EED51B /* ToolbarAction.swift */ = {isa = PBXFileReference; lastKnownFileType = sourcecode.swift; path = ToolbarAction.swift; sourceTree = "<group>"; };
		62DE46573E4A695892A562C4 /* EditorContainer.swift */ = {isa = PBXFileReference; lastKnownFileType = sourcecode.swift; path = EditorContainer.swift; sourceTree = "<group>"; };
		68B749D1CDF660EAF232A846 /* DocumentType.swift */ = {isa = PBXFileReference; lastKnownFileType = sourcecode.swift; path = DocumentType.swift; sourceTree = "<group>"; };
		69817DBA04965C17C8E978A7 /* OpenFileCommand.swift */ = {isa = PBXFileReference; lastKnownFileType = sourcecode.swift; path = OpenFileCommand.swift; sourceTree = "<group>"; };
		733C5884A193A7F2F12492FE /* LiveRenderTextView.swift */ = {isa = PBXFileReference; lastKnownFileType = sourcecode.swift; path = LiveRenderTextView.swift; sourceTree = "<group>"; };
		736D7D2A74FC7C773CBEDC6B /* TabStore.swift */ = {isa = PBXFileReference; lastKnownFileType = sourcecode.swift; path = TabStore.swift; sourceTree = "<group>"; };
		770FBECB95BF5127256B338C /* EditorDispatcherRegistry.swift */ = {isa = PBXFileReference; lastKnownFileType = sourcecode.swift; path = EditorDispatcherRegistry.swift; sourceTree = "<group>"; };
		7BE760CB7674EC82B2EEE54F /* CursorLineTracker.swift */ = {isa = PBXFileReference; lastKnownFileType = sourcecode.swift; path = CursorLineTracker.swift; sourceTree = "<group>"; };
		8133DDE032155B87C4A2650B /* ItalicMutation.swift */ = {isa = PBXFileReference; lastKnownFileType = sourcecode.swift; path = ItalicMutation.swift; sourceTree = "<group>"; };
		87B7D9987868179EBCB7AF10 /* MarkdownDocumentType.swift */ = {isa = PBXFileReference; lastKnownFileType = sourcecode.swift; path = MarkdownDocumentType.swift; sourceTree = "<group>"; };
		8B0D75F7987F596BA98D2F95 /* LinkMutation.swift */ = {isa = PBXFileReference; lastKnownFileType = sourcecode.swift; path = LinkMutation.swift; sourceTree = "<group>"; };
		8BBAE8875CC8A86DE2337B2F /* MutationToolbarTests.swift */ = {isa = PBXFileReference; lastKnownFileType = sourcecode.swift; path = MutationToolbarTests.swift; sourceTree = "<group>"; };
		8CB66D53DAB29A94D4AF1010 /* CommandDispatcher.swift */ = {isa = PBXFileReference; lastKnownFileType = sourcecode.swift; path = CommandDispatcher.swift; sourceTree = "<group>"; };
		9024FAC03EE99272432215C5 /* AccessibilityIdentifiers.swift */ = {isa = PBXFileReference; lastKnownFileType = sourcecode.swift; path = AccessibilityIdentifiers.swift; sourceTree = "<group>"; };
		94E5D9317F80A9FFE42F4FCC /* MutationResolver.swift */ = {isa = PBXFileReference; lastKnownFileType = sourcecode.swift; path = MutationResolver.swift; sourceTree = "<group>"; };
		9C46766ACF5951852C54D492 /* SecurityScopedBookmarkStore.swift */ = {isa = PBXFileReference; lastKnownFileType = sourcecode.swift; path = SecurityScopedBookmarkStore.swift; sourceTree = "<group>"; };
		9E66304DB913077076594ACF /* MdEditorApp.swift */ = {isa = PBXFileReference; lastKnownFileType = sourcecode.swift; path = MdEditorApp.swift; sourceTree = "<group>"; };
		A03D8CF6CE596C7EA09CBC7D /* EmptyEditorView.swift */ = {isa = PBXFileReference; lastKnownFileType = sourcecode.swift; path = EmptyEditorView.swift; sourceTree = "<group>"; };
		A1D086F044F795F5BE8F33D4 /* EditorDocument.swift */ = {isa = PBXFileReference; lastKnownFileType = sourcecode.swift; path = EditorDocument.swift; sourceTree = "<group>"; };
		A5CD85D99BA4A020FC41BBAF /* WorkspaceView.swift */ = {isa = PBXFileReference; lastKnownFileType = sourcecode.swift; path = WorkspaceView.swift; sourceTree = "<group>"; };
		A8F1E5A7D9544B0E06705EBD /* TabBarView.swift */ = {isa = PBXFileReference; lastKnownFileType = sourcecode.swift; path = TabBarView.swift; sourceTree = "<group>"; };
		ABB27C546F668F30E645724B /* DocumentTypeRegistry.swift */ = {isa = PBXFileReference; lastKnownFileType = sourcecode.swift; path = DocumentTypeRegistry.swift; sourceTree = "<group>"; };
		B038FAE2D09EC30C229AB152 /* MutationKeyboardTests.swift */ = {isa = PBXFileReference; lastKnownFileType = sourcecode.swift; path = MutationKeyboardTests.swift; sourceTree = "<group>"; };
		B1E1E708BEBADEEC6BBCD3E2 /* BoldMutation.swift */ = {isa = PBXFileReference; lastKnownFileType = sourcecode.swift; path = BoldMutation.swift; sourceTree = "<group>"; };
		B52BCA512A2CD2F234C04E34 /* EditorDispatcherFocusedValue.swift */ = {isa = PBXFileReference; lastKnownFileType = sourcecode.swift; path = EditorDispatcherFocusedValue.swift; sourceTree = "<group>"; };
		BEA019E8765214B4E39BD6F3 /* SourceLocationConverter.swift */ = {isa = PBXFileReference; lastKnownFileType = sourcecode.swift; path = SourceLocationConverter.swift; sourceTree = "<group>"; };
		C72B9481B2B2DEC236C3C389 /* OpenFolderCommand.swift */ = {isa = PBXFileReference; lastKnownFileType = sourcecode.swift; path = OpenFolderCommand.swift; sourceTree = "<group>"; };
		C80DE85975844E9F6898D021 /* MutationHelpers.swift */ = {isa = PBXFileReference; lastKnownFileType = sourcecode.swift; path = MutationHelpers.swift; sourceTree = "<group>"; };
		C8B74950ACAAA2D21C1E3B09 /* StringLineLocation.swift */ = {isa = PBXFileReference; lastKnownFileType = sourcecode.swift; path = StringLineLocation.swift; sourceTree = "<group>"; };
		D0B5DFD3FDD072F772FC2A07 /* FolderTreeView.swift */ = {isa = PBXFileReference; lastKnownFileType = sourcecode.swift; path = FolderTreeView.swift; sourceTree = "<group>"; };
		DA53ED5FC52B03E72A289E5B /* EditorFocusTarget.swift */ = {isa = PBXFileReference; lastKnownFileType = sourcecode.swift; path = EditorFocusTarget.swift; sourceTree = "<group>"; };
		DABB663FF217226C1D9A2A68 /* HeadingToolbarMenu.swift */ = {isa = PBXFileReference; lastKnownFileType = sourcecode.swift; path = HeadingToolbarMenu.swift; sourceTree = "<group>"; };
		E332B869BD3500F673ADDA2C /* MutationPrimitive.swift */ = {isa = PBXFileReference; lastKnownFileType = sourcecode.swift; path = MutationPrimitive.swift; sourceTree = "<group>"; };
		E41972F49DFED5E127BBD907 /* NumberedListMutation.swift */ = {isa = PBXFileReference; lastKnownFileType = sourcecode.swift; path = NumberedListMutation.swift; sourceTree = "<group>"; };
		F2484BD135E61A6A91F4793E /* HeadingMutations.swift */ = {isa = PBXFileReference; lastKnownFileType = sourcecode.swift; path = HeadingMutations.swift; sourceTree = "<group>"; };
		F502CAF4F917C92730CA9663 /* Typography.swift */ = {isa = PBXFileReference; lastKnownFileType = sourcecode.swift; path = Typography.swift; sourceTree = "<group>"; };
		F853A094F4BFC4386FAA5854 /* CommandSurface.swift */ = {isa = PBXFileReference; lastKnownFileType = sourcecode.swift; path = CommandSurface.swift; sourceTree = "<group>"; };
		FC7870DDD57C42F194380DA1 /* KeyboardBindings.swift */ = {isa = PBXFileReference; lastKnownFileType = sourcecode.swift; path = KeyboardBindings.swift; sourceTree = "<group>"; };
/* End PBXFileReference section */

/* Begin PBXFrameworksBuildPhase section */
		20E853C9F83204F23E6AA71B /* Frameworks */ = {
			isa = PBXFrameworksBuildPhase;
			buildActionMask = 2147483647;
			files = (
				325CEE5C8D0FAB09DE4417D8 /* Markdown in Frameworks */,
			);
			runOnlyForDeploymentPostprocessing = 0;
		};
/* End PBXFrameworksBuildPhase section */

/* Begin PBXGroup section */
		037F873C43FE93A7498A0BB1 /* Localization */ = {
			isa = PBXGroup;
			children = (
				0D92DC285345487855A6BEDB /* Localizable.xcstrings */,
			);
			path = Localization;
			sourceTree = "<group>";
		};
		07CE8B908CDAB92DB771B7E7 /* Support */ = {
			isa = PBXGroup;
			children = (
				294BD3B18C115E29D5C5F78F /* RenderTypes.swift */,
				C8B74950ACAAA2D21C1E3B09 /* StringLineLocation.swift */,
				F502CAF4F917C92730CA9663 /* Typography.swift */,
			);
			path = Support;
			sourceTree = "<group>";
		};
		09433757354D2414908D4E3B /* Products */ = {
			isa = PBXGroup;
			children = (
				06775229336398DD58412F9D /* MdEditor.app */,
				04074552ACDA1A48A62227CA /* MdEditorUITests.xctest */,
			);
			name = Products;
			sourceTree = "<group>";
		};
		12F36F0F91DA01FBB7DA6E16 /* Sources */ = {
			isa = PBXGroup;
			children = (
				55720A84938DD7C2BD1D1AD1 /* Accessibility */,
				48A0D61F9E02D74CF3F26C6A /* App */,
				3F707691A3FD0678050A401E /* CommandSurface */,
				A79F895DB7523BCFEE40DB4E /* DocumentTypes */,
				FFCAE49D5A412D3DFC3705C9 /* Editor */,
				962167C01B0A078F57C10DCD /* Files */,
				B68D3C11A05DF83D7CB5503D /* Keyboard */,
				037F873C43FE93A7498A0BB1 /* Localization */,
				D9628B72CC7AEE281FEF5298 /* Mutations */,
				FD1162E99E28B32FA2C406CF /* Settings */,
				07CE8B908CDAB92DB771B7E7 /* Support */,
				AF896478B1DC34A34A7A9F12 /* Toolbar */,
				776A216F4B7DC2B47F5D0940 /* Workspace */,
				8BB8B8696D2138B7DCCDFE4C /* WorkspaceUI */,
			);
			path = Sources;
			sourceTree = "<group>";
		};
		3F707691A3FD0678050A401E /* CommandSurface */ = {
			isa = PBXGroup;
			children = (
				F853A094F4BFC4386FAA5854 /* CommandSurface.swift */,
				DA53ED5FC52B03E72A289E5B /* EditorFocusTarget.swift */,
				2915770F0DE907514BFA4BCB /* ExternalCommand.swift */,
				69817DBA04965C17C8E978A7 /* OpenFileCommand.swift */,
				C72B9481B2B2DEC236C3C389 /* OpenFolderCommand.swift */,
				3CBAA081C0FC098EFA83A8EC /* URLSchemeHandler.swift */,
			);
			path = CommandSurface;
			sourceTree = "<group>";
		};
		48A0D61F9E02D74CF3F26C6A /* App */ = {
			isa = PBXGroup;
			children = (
				9E66304DB913077076594ACF /* MdEditorApp.swift */,
				2377BBD1FDE6C23DAFF69D3E /* WindowAccessor.swift */,
			);
			path = App;
			sourceTree = "<group>";
		};
		55720A84938DD7C2BD1D1AD1 /* Accessibility */ = {
			isa = PBXGroup;
			children = (
				9024FAC03EE99272432215C5 /* AccessibilityIdentifiers.swift */,
			);
			path = Accessibility;
			sourceTree = "<group>";
		};
		6DEF2E5197969780E04C2A8C /* Renderer */ = {
			isa = PBXGroup;
			children = (
				7BE760CB7674EC82B2EEE54F /* CursorLineTracker.swift */,
				0A820F4149CBCDE8C63293B3 /* MarkdownRenderer.swift */,
				BEA019E8765214B4E39BD6F3 /* SourceLocationConverter.swift */,
			);
			path = Renderer;
			sourceTree = "<group>";
		};
		776A216F4B7DC2B47F5D0940 /* Workspace */ = {
			isa = PBXGroup;
			children = (
				A1D086F044F795F5BE8F33D4 /* EditorDocument.swift */,
				01339A1821164361B52A1266 /* FolderTreeModel.swift */,
				17FC8BA650E33E92D0ADCC9E /* FolderTreeWatcher.swift */,
				9C46766ACF5951852C54D492 /* SecurityScopedBookmarkStore.swift */,
				736D7D2A74FC7C773CBEDC6B /* TabStore.swift */,
				553EA0392CDEB0455C90FC2F /* WorkspaceStore.swift */,
			);
			path = Workspace;
			sourceTree = "<group>";
		};
		8BB8B8696D2138B7DCCDFE4C /* WorkspaceUI */ = {
			isa = PBXGroup;
			children = (
				A03D8CF6CE596C7EA09CBC7D /* EmptyEditorView.swift */,
				D0B5DFD3FDD072F772FC2A07 /* FolderTreeView.swift */,
				A8F1E5A7D9544B0E06705EBD /* TabBarView.swift */,
				A5CD85D99BA4A020FC41BBAF /* WorkspaceView.swift */,
			);
			path = WorkspaceUI;
			sourceTree = "<group>";
		};
		962167C01B0A078F57C10DCD /* Files */ = {
			isa = PBXGroup;
			children = (
				26CDDD26C2522BA7B0D64A04 /* ExternalEditWatcher.swift */,
			);
			path = Files;
			sourceTree = "<group>";
		};
		A79F895DB7523BCFEE40DB4E /* DocumentTypes */ = {
			isa = PBXGroup;
			children = (
				68B749D1CDF660EAF232A846 /* DocumentType.swift */,
				ABB27C546F668F30E645724B /* DocumentTypeRegistry.swift */,
				87B7D9987868179EBCB7AF10 /* MarkdownDocumentType.swift */,
			);
			path = DocumentTypes;
			sourceTree = "<group>";
		};
		AE1454959D965C674A72A953 /* UITests */ = {
			isa = PBXGroup;
			children = (
				2BA7C352C4BEA557B5E5A07A /* LaunchSmokeTests.swift */,
				B038FAE2D09EC30C229AB152 /* MutationKeyboardTests.swift */,
				8BBAE8875CC8A86DE2337B2F /* MutationToolbarTests.swift */,
			);
			path = UITests;
			sourceTree = "<group>";
		};
		AF896478B1DC34A34A7A9F12 /* Toolbar */ = {
			isa = PBXGroup;
			children = (
				B52BCA512A2CD2F234C04E34 /* EditorDispatcherFocusedValue.swift */,
				770FBECB95BF5127256B338C /* EditorDispatcherRegistry.swift */,
				DABB663FF217226C1D9A2A68 /* HeadingToolbarMenu.swift */,
				5CC7F2CDE174D7A636EED51B /* ToolbarAction.swift */,
				5C1ABD3965302A0DADDB34BE /* ToolbarButton.swift */,
			);
			path = Toolbar;
			sourceTree = "<group>";
		};
		B68D3C11A05DF83D7CB5503D /* Keyboard */ = {
			isa = PBXGroup;
			children = (
				8CB66D53DAB29A94D4AF1010 /* CommandDispatcher.swift */,
				FC7870DDD57C42F194380DA1 /* KeyboardBindings.swift */,
			);
			path = Keyboard;
			sourceTree = "<group>";
		};
		CE42BE24DBE28F652C9D2B8C = {
			isa = PBXGroup;
			children = (
				12F36F0F91DA01FBB7DA6E16 /* Sources */,
				AE1454959D965C674A72A953 /* UITests */,
				09433757354D2414908D4E3B /* Products */,
			);
			sourceTree = "<group>";
		};
		D9628B72CC7AEE281FEF5298 /* Mutations */ = {
			isa = PBXGroup;
			children = (
				B1E1E708BEBADEEC6BBCD3E2 /* BoldMutation.swift */,
				4D7CFB400CAB34EABC74D518 /* BulletListMutation.swift */,
				0DEEAB0947CED2E87CE4DDAD /* CodeBlockSafety.swift */,
				F2484BD135E61A6A91F4793E /* HeadingMutations.swift */,
				38B8648E855C0852B13DBD8B /* InlineCodeMutation.swift */,
				8133DDE032155B87C4A2650B /* ItalicMutation.swift */,
				8B0D75F7987F596BA98D2F95 /* LinkMutation.swift */,
				C80DE85975844E9F6898D021 /* MutationHelpers.swift */,
				E332B869BD3500F673ADDA2C /* MutationPrimitive.swift */,
				94E5D9317F80A9FFE42F4FCC /* MutationResolver.swift */,
				E41972F49DFED5E127BBD907 /* NumberedListMutation.swift */,
			);
			path = Mutations;
			sourceTree = "<group>";
		};
		FD1162E99E28B32FA2C406CF /* Settings */ = {
			isa = PBXGroup;
			children = (
				1D1504C30B534BEB9009CA61 /* AppSettings.swift */,
			);
			path = Settings;
			sourceTree = "<group>";
		};
		FFCAE49D5A412D3DFC3705C9 /* Editor */ = {
			isa = PBXGroup;
			children = (
				6DEF2E5197969780E04C2A8C /* Renderer */,
				62DE46573E4A695892A562C4 /* EditorContainer.swift */,
				733C5884A193A7F2F12492FE /* LiveRenderTextView.swift */,
			);
			path = Editor;
			sourceTree = "<group>";
		};
/* End PBXGroup section */

/* Begin PBXNativeTarget section */
		182EAD9731EF0C0CEDFA91FA /* MdEditor */ = {
			isa = PBXNativeTarget;
			buildConfigurationList = D391253F17C33BA9160225FC /* Build configuration list for PBXNativeTarget "MdEditor" */;
			buildPhases = (
				4DB3A8BD2CC1ECA66F13BF9A /* Sources */,
				2ED88EC158EFB2BDBC373244 /* Resources */,
				20E853C9F83204F23E6AA71B /* Frameworks */,
			);
			buildRules = (
			);
			dependencies = (
			);
			name = MdEditor;
			packageProductDependencies = (
				F2CAAB3B6DF1667818F6D329 /* Markdown */,
			);
			productName = MdEditor;
			productReference = 06775229336398DD58412F9D /* MdEditor.app */;
			productType = "com.apple.product-type.application";
		};
		B623DF57146E87DF359D3969 /* MdEditorUITests */ = {
			isa = PBXNativeTarget;
			buildConfigurationList = F0C216A3FFECACFC77E36555 /* Build configuration list for PBXNativeTarget "MdEditorUITests" */;
			buildPhases = (
				46D900E368B85821AB923416 /* Sources */,
			);
			buildRules = (
			);
			dependencies = (
				28295CE59D0D91B9A3F60540 /* PBXTargetDependency */,
			);
			name = MdEditorUITests;
			packageProductDependencies = (
			);
			productName = MdEditorUITests;
			productReference = 04074552ACDA1A48A62227CA /* MdEditorUITests.xctest */;
			productType = "com.apple.product-type.bundle.ui-testing";
		};
/* End PBXNativeTarget section */

/* Begin PBXProject section */
		4B0050D6E96ECDC31F3596D8 /* Project object */ = {
			isa = PBXProject;
			attributes = {
				BuildIndependentTargetsInParallel = YES;
				LastUpgradeCheck = 1430;
				TargetAttributes = {
					182EAD9731EF0C0CEDFA91FA = {
						DevelopmentTeam = "";
						ProvisioningStyle = Automatic;
					};
					B623DF57146E87DF359D3969 = {
						DevelopmentTeam = "";
						ProvisioningStyle = Automatic;
						TestTargetID = 182EAD9731EF0C0CEDFA91FA;
					};
				};
			};
			buildConfigurationList = 395B29EAB07768BD4B943111 /* Build configuration list for PBXProject "MdEditor" */;
			developmentRegion = en;
			hasScannedForEncodings = 0;
			knownRegions = (
				Base,
				en,
			);
			mainGroup = CE42BE24DBE28F652C9D2B8C;
			minimizedProjectReferenceProxies = 1;
			packageReferences = (
				DAA732E427A6E3E293E3D8A9 /* XCRemoteSwiftPackageReference "swift-markdown" */,
			);
			preferredProjectObjectVersion = 77;
			productRefGroup = 09433757354D2414908D4E3B /* Products */;
			projectDirPath = "";
			projectRoot = "";
			targets = (
				182EAD9731EF0C0CEDFA91FA /* MdEditor */,
				B623DF57146E87DF359D3969 /* MdEditorUITests */,
			);
		};
/* End PBXProject section */

/* Begin PBXResourcesBuildPhase section */
		2ED88EC158EFB2BDBC373244 /* Resources */ = {
			isa = PBXResourcesBuildPhase;
			buildActionMask = 2147483647;
			files = (
				73ABE75837AEBDC02F49A70D /* Localizable.xcstrings in Resources */,
			);
			runOnlyForDeploymentPostprocessing = 0;
		};
/* End PBXResourcesBuildPhase section */

/* Begin PBXSourcesBuildPhase section */
		46D900E368B85821AB923416 /* Sources */ = {
			isa = PBXSourcesBuildPhase;
			buildActionMask = 2147483647;
			files = (
				C4B09F580815ABDDE420685F /* LaunchSmokeTests.swift in Sources */,
				3F6B21F07D4279396B7F1D66 /* MutationKeyboardTests.swift in Sources */,
				7D9EBA3EE9944641D492EB16 /* MutationToolbarTests.swift in Sources */,
			);
			runOnlyForDeploymentPostprocessing = 0;
		};
		4DB3A8BD2CC1ECA66F13BF9A /* Sources */ = {
			isa = PBXSourcesBuildPhase;
			buildActionMask = 2147483647;
			files = (
				683A417414B5BA93D80FBFF5 /* AccessibilityIdentifiers.swift in Sources */,
				50140E0B73804ECBE7BF58A3 /* AppSettings.swift in Sources */,
				D2E5C80D28F7F100982EB876 /* BoldMutation.swift in Sources */,
				27609E9F6FE589636494F49D /* BulletListMutation.swift in Sources */,
				B2BE671A4277345A6E3E7427 /* CodeBlockSafety.swift in Sources */,
				6212CE254D70E34FE5108C7D /* CommandDispatcher.swift in Sources */,
				323A753C16056D56B441C81B /* CommandSurface.swift in Sources */,
				BD2F1714497FD0E4A637E025 /* CursorLineTracker.swift in Sources */,
				5C734BA72E654D8231454FCE /* DocumentType.swift in Sources */,
				AA804B904BC3804E03FE4458 /* DocumentTypeRegistry.swift in Sources */,
				50B2D5393A2D8B77DA0F253C /* EditorContainer.swift in Sources */,
				73A7E564DBE3AB14C6A1F2F4 /* EditorDispatcherFocusedValue.swift in Sources */,
				38123D3E013026B5BB41A264 /* EditorDispatcherRegistry.swift in Sources */,
				F8421E4664863007B6773E37 /* EditorDocument.swift in Sources */,
				8C22915BD0E56A96BCE845A5 /* EditorFocusTarget.swift in Sources */,
				4BE45061582C8A8E09F25BC0 /* EmptyEditorView.swift in Sources */,
				93C61A0D688DE99421473564 /* ExternalCommand.swift in Sources */,
				66A37C5D45DF3435B1A0639A /* ExternalEditWatcher.swift in Sources */,
				81623B9653112FC0421681F8 /* FolderTreeModel.swift in Sources */,
				EB39075ABB7FA96955213606 /* FolderTreeView.swift in Sources */,
				15745820A86D52F1E766A371 /* FolderTreeWatcher.swift in Sources */,
				7FEB015C81AC6829AC9F3050 /* HeadingMutations.swift in Sources */,
				5611141BE52339A49A45837B /* HeadingToolbarMenu.swift in Sources */,
				32F266F823BC3F25F489BA43 /* InlineCodeMutation.swift in Sources */,
				5D2D9AB116332614C2150927 /* ItalicMutation.swift in Sources */,
				05113E83F30B6762FB626B59 /* KeyboardBindings.swift in Sources */,
				BAFADE7E6F05533D48F5F14C /* LinkMutation.swift in Sources */,
				26B4FB1A9AD45261E78B3A47 /* LiveRenderTextView.swift in Sources */,
				ABB890A28AF3D932A0C43A9C /* MarkdownDocumentType.swift in Sources */,
				12E540CFFA8AA7B66C5806BA /* MarkdownRenderer.swift in Sources */,
				74D110B4A42E5E7D66D7CD71 /* MdEditorApp.swift in Sources */,
				EE45FB6087116ECA1BB182BE /* MutationHelpers.swift in Sources */,
				114A182098B0BA1BF3283B3A /* MutationPrimitive.swift in Sources */,
				4BB6F23633E3B1073C4D98C5 /* MutationResolver.swift in Sources */,
				60C87C7A915342EF5D456809 /* NumberedListMutation.swift in Sources */,
				534AD94B3720889CA88F77EA /* OpenFileCommand.swift in Sources */,
				889FAC8100CC57FC80459DF7 /* OpenFolderCommand.swift in Sources */,
				56408ED1057CE7107CBEEC31 /* RenderTypes.swift in Sources */,
				5B8EA51A489DEF23F9347DE7 /* SecurityScopedBookmarkStore.swift in Sources */,
				10CBD81277CBDAB157886D44 /* SourceLocationConverter.swift in Sources */,
				07A1F1E2E8DAACE51B02FDC5 /* StringLineLocation.swift in Sources */,
				6A29B99B1BC477966EFD6F57 /* TabBarView.swift in Sources */,
				96CD4BE30D86169942098782 /* TabStore.swift in Sources */,
				9C2088280AABDF39A2A1C227 /* ToolbarAction.swift in Sources */,
				B4602C6248AF2BBADA64EF6F /* ToolbarButton.swift in Sources */,
				AD77010A6B731F8E0BF110F6 /* Typography.swift in Sources */,
				23F8FB1A2F03FB968F1C7977 /* URLSchemeHandler.swift in Sources */,
				BCC77325D18BBDFE60AD09AF /* WindowAccessor.swift in Sources */,
				8497072ED723890B67CC74E2 /* WorkspaceStore.swift in Sources */,
				37852AF9969A7148A174080D /* WorkspaceView.swift in Sources */,
			);
			runOnlyForDeploymentPostprocessing = 0;
		};
/* End PBXSourcesBuildPhase section */

/* Begin PBXTargetDependency section */
		28295CE59D0D91B9A3F60540 /* PBXTargetDependency */ = {
			isa = PBXTargetDependency;
			target = 182EAD9731EF0C0CEDFA91FA /* MdEditor */;
			targetProxy = CBB376C2EC70F817E9D7D94F /* PBXContainerItemProxy */;
		};
/* End PBXTargetDependency section */

/* Begin XCBuildConfiguration section */
		305005EDD633A636E83CAB7A /* Debug */ = {
			isa = XCBuildConfiguration;
			buildSettings = {
				ALWAYS_SEARCH_USER_PATHS = NO;
				CLANG_ANALYZER_NONNULL = YES;
				CLANG_ANALYZER_NUMBER_OBJECT_CONVERSION = YES_AGGRESSIVE;
				CLANG_CXX_LANGUAGE_STANDARD = "gnu++14";
				CLANG_CXX_LIBRARY = "libc++";
				CLANG_ENABLE_MODULES = YES;
				CLANG_ENABLE_OBJC_ARC = YES;
				CLANG_ENABLE_OBJC_WEAK = YES;
				CLANG_WARN_BLOCK_CAPTURE_AUTORELEASING = YES;
				CLANG_WARN_BOOL_CONVERSION = YES;
				CLANG_WARN_COMMA = YES;
				CLANG_WARN_CONSTANT_CONVERSION = YES;
				CLANG_WARN_DEPRECATED_OBJC_IMPLEMENTATIONS = YES;
				CLANG_WARN_DIRECT_OBJC_ISA_USAGE = YES_ERROR;
				CLANG_WARN_DOCUMENTATION_COMMENTS = YES;
				CLANG_WARN_EMPTY_BODY = YES;
				CLANG_WARN_ENUM_CONVERSION = YES;
				CLANG_WARN_INFINITE_RECURSION = YES;
				CLANG_WARN_INT_CONVERSION = YES;
				CLANG_WARN_NON_LITERAL_NULL_CONVERSION = YES;
				CLANG_WARN_OBJC_IMPLICIT_RETAIN_SELF = YES;
				CLANG_WARN_OBJC_LITERAL_CONVERSION = YES;
				CLANG_WARN_OBJC_ROOT_CLASS = YES_ERROR;
				CLANG_WARN_QUOTED_INCLUDE_IN_FRAMEWORK_HEADER = YES;
				CLANG_WARN_RANGE_LOOP_ANALYSIS = YES;
				CLANG_WARN_STRICT_PROTOTYPES = YES;
				CLANG_WARN_SUSPICIOUS_MOVE = YES;
				CLANG_WARN_UNGUARDED_AVAILABILITY = YES_AGGRESSIVE;
				CLANG_WARN_UNREACHABLE_CODE = YES;
				CLANG_WARN__DUPLICATE_METHOD_MATCH = YES;
				COPY_PHASE_STRIP = NO;
				DEBUG_INFORMATION_FORMAT = dwarf;
				ENABLE_STRICT_OBJC_MSGSEND = YES;
				ENABLE_TESTABILITY = YES;
				GCC_C_LANGUAGE_STANDARD = gnu11;
				GCC_DYNAMIC_NO_PIC = NO;
				GCC_NO_COMMON_BLOCKS = YES;
				GCC_OPTIMIZATION_LEVEL = 0;
				GCC_PREPROCESSOR_DEFINITIONS = (
					"$(inherited)",
					"DEBUG=1",
				);
				GCC_WARN_64_TO_32_BIT_CONVERSION = YES;
				GCC_WARN_ABOUT_RETURN_TYPE = YES_ERROR;
				GCC_WARN_UNDECLARED_SELECTOR = YES;
				GCC_WARN_UNINITIALIZED_AUTOS = YES_AGGRESSIVE;
				GCC_WARN_UNUSED_FUNCTION = YES;
				GCC_WARN_UNUSED_VARIABLE = YES;
				MACOSX_DEPLOYMENT_TARGET = 14.0;
				MTL_ENABLE_DEBUG_INFO = INCLUDE_SOURCE;
				MTL_FAST_MATH = YES;
				ONLY_ACTIVE_ARCH = YES;
				PRODUCT_NAME = "$(TARGET_NAME)";
				SDKROOT = macosx;
				SWIFT_ACTIVE_COMPILATION_CONDITIONS = DEBUG;
				SWIFT_OPTIMIZATION_LEVEL = "-Onone";
				SWIFT_VERSION = 5.0;
			};
			name = Debug;
		};
		40D9CBF6E0A5ADDBD3608CE4 /* Release */ = {
			isa = XCBuildConfiguration;
			buildSettings = {
				ASSETCATALOG_COMPILER_APPICON_NAME = AppIcon;
				CODE_SIGN_IDENTITY = "-";
				CODE_SIGN_STYLE = Automatic;
				COMBINE_HIDPI_IMAGES = YES;
				DEVELOPMENT_TEAM = "";
				ENABLE_HARDENED_RUNTIME = NO;
				GENERATE_INFOPLIST_FILE = NO;
				INFOPLIST_FILE = Info.plist;
				LD_RUNPATH_SEARCH_PATHS = (
					"$(inherited)",
					"@executable_path/../Frameworks",
				);
				MACOSX_DEPLOYMENT_TARGET = 14.0;
				PRODUCT_BUNDLE_IDENTIFIER = "ai.portablemind.md-editor";
				PRODUCT_NAME = MdEditor;
				SDKROOT = macosx;
				SWIFT_VERSION = 5.10;
			};
			name = Release;
		};
		47184AD7BFEE16E8A8604210 /* Debug */ = {
			isa = XCBuildConfiguration;
			buildSettings = {
				BUNDLE_LOADER = "$(TEST_HOST)";
				CODE_SIGN_IDENTITY = "-";
				CODE_SIGN_STYLE = Automatic;
				COMBINE_HIDPI_IMAGES = YES;
				DEVELOPMENT_TEAM = "";
				GENERATE_INFOPLIST_FILE = YES;
				LD_RUNPATH_SEARCH_PATHS = (
					"$(inherited)",
					"@executable_path/Frameworks",
					"@loader_path/Frameworks",
				);
				MACOSX_DEPLOYMENT_TARGET = 14.0;
				PRODUCT_BUNDLE_IDENTIFIER = "ai.portablemind.md-editor.uitests";
				SDKROOT = macosx;
				SWIFT_VERSION = 5.10;
				TEST_TARGET_NAME = MdEditor;
			};
			name = Debug;
		};
		60A8C35E6759C161B043D46A /* Release */ = {
			isa = XCBuildConfiguration;
			buildSettings = {
				BUNDLE_LOADER = "$(TEST_HOST)";
				CODE_SIGN_IDENTITY = "-";
				CODE_SIGN_STYLE = Automatic;
				COMBINE_HIDPI_IMAGES = YES;
				DEVELOPMENT_TEAM = "";
				GENERATE_INFOPLIST_FILE = YES;
				LD_RUNPATH_SEARCH_PATHS = (
					"$(inherited)",
					"@executable_path/Frameworks",
					"@loader_path/Frameworks",
				);
				MACOSX_DEPLOYMENT_TARGET = 14.0;
				PRODUCT_BUNDLE_IDENTIFIER = "ai.portablemind.md-editor.uitests";
				SDKROOT = macosx;
				SWIFT_VERSION = 5.10;
				TEST_TARGET_NAME = MdEditor;
			};
			name = Release;
		};
		6F9D066B3D33AAC435DDE75C /* Release */ = {
			isa = XCBuildConfiguration;
			buildSettings = {
				ALWAYS_SEARCH_USER_PATHS = NO;
				CLANG_ANALYZER_NONNULL = YES;
				CLANG_ANALYZER_NUMBER_OBJECT_CONVERSION = YES_AGGRESSIVE;
				CLANG_CXX_LANGUAGE_STANDARD = "gnu++14";
				CLANG_CXX_LIBRARY = "libc++";
				CLANG_ENABLE_MODULES = YES;
				CLANG_ENABLE_OBJC_ARC = YES;
				CLANG_ENABLE_OBJC_WEAK = YES;
				CLANG_WARN_BLOCK_CAPTURE_AUTORELEASING = YES;
				CLANG_WARN_BOOL_CONVERSION = YES;
				CLANG_WARN_COMMA = YES;
				CLANG_WARN_CONSTANT_CONVERSION = YES;
				CLANG_WARN_DEPRECATED_OBJC_IMPLEMENTATIONS = YES;
				CLANG_WARN_DIRECT_OBJC_ISA_USAGE = YES_ERROR;
				CLANG_WARN_DOCUMENTATION_COMMENTS = YES;
				CLANG_WARN_EMPTY_BODY = YES;
				CLANG_WARN_ENUM_CONVERSION = YES;
				CLANG_WARN_INFINITE_RECURSION = YES;
				CLANG_WARN_INT_CONVERSION = YES;
				CLANG_WARN_NON_LITERAL_NULL_CONVERSION = YES;
				CLANG_WARN_OBJC_IMPLICIT_RETAIN_SELF = YES;
				CLANG_WARN_OBJC_LITERAL_CONVERSION = YES;
				CLANG_WARN_OBJC_ROOT_CLASS = YES_ERROR;
				CLANG_WARN_QUOTED_INCLUDE_IN_FRAMEWORK_HEADER = YES;
				CLANG_WARN_RANGE_LOOP_ANALYSIS = YES;
				CLANG_WARN_STRICT_PROTOTYPES = YES;
				CLANG_WARN_SUSPICIOUS_MOVE = YES;
				CLANG_WARN_UNGUARDED_AVAILABILITY = YES_AGGRESSIVE;
				CLANG_WARN_UNREACHABLE_CODE = YES;
				CLANG_WARN__DUPLICATE_METHOD_MATCH = YES;
				COPY_PHASE_STRIP = NO;
				DEBUG_INFORMATION_FORMAT = "dwarf-with-dsym";
				ENABLE_NS_ASSERTIONS = NO;
				ENABLE_STRICT_OBJC_MSGSEND = YES;
				GCC_C_LANGUAGE_STANDARD = gnu11;
				GCC_NO_COMMON_BLOCKS = YES;
				GCC_WARN_64_TO_32_BIT_CONVERSION = YES;
				GCC_WARN_ABOUT_RETURN_TYPE = YES_ERROR;
				GCC_WARN_UNDECLARED_SELECTOR = YES;
				GCC_WARN_UNINITIALIZED_AUTOS = YES_AGGRESSIVE;
				GCC_WARN_UNUSED_FUNCTION = YES;
				GCC_WARN_UNUSED_VARIABLE = YES;
				MACOSX_DEPLOYMENT_TARGET = 14.0;
				MTL_ENABLE_DEBUG_INFO = NO;
				MTL_FAST_MATH = YES;
				PRODUCT_NAME = "$(TARGET_NAME)";
				SDKROOT = macosx;
				SWIFT_COMPILATION_MODE = wholemodule;
				SWIFT_OPTIMIZATION_LEVEL = "-O";
				SWIFT_VERSION = 5.0;
			};
			name = Release;
		};
		E0FCDC41CF4C721818AD29D3 /* Debug */ = {
			isa = XCBuildConfiguration;
			buildSettings = {
				ASSETCATALOG_COMPILER_APPICON_NAME = AppIcon;
				CODE_SIGN_IDENTITY = "-";
				CODE_SIGN_STYLE = Automatic;
				COMBINE_HIDPI_IMAGES = YES;
				DEVELOPMENT_TEAM = "";
				ENABLE_HARDENED_RUNTIME = NO;
				GENERATE_INFOPLIST_FILE = NO;
				INFOPLIST_FILE = Info.plist;
				LD_RUNPATH_SEARCH_PATHS = (
					"$(inherited)",
					"@executable_path/../Frameworks",
				);
				MACOSX_DEPLOYMENT_TARGET = 14.0;
				PRODUCT_BUNDLE_IDENTIFIER = "ai.portablemind.md-editor";
				PRODUCT_NAME = MdEditor;
				SDKROOT = macosx;
				SWIFT_VERSION = 5.10;
			};
			name = Debug;
		};
/* End XCBuildConfiguration section */

/* Begin XCConfigurationList section */
		395B29EAB07768BD4B943111 /* Build configuration list for PBXProject "MdEditor" */ = {
			isa = XCConfigurationList;
			buildConfigurations = (
				305005EDD633A636E83CAB7A /* Debug */,
				6F9D066B3D33AAC435DDE75C /* Release */,
			);
			defaultConfigurationIsVisible = 0;
			defaultConfigurationName = Debug;
		};
		D391253F17C33BA9160225FC /* Build configuration list for PBXNativeTarget "MdEditor" */ = {
			isa = XCConfigurationList;
			buildConfigurations = (
				E0FCDC41CF4C721818AD29D3 /* Debug */,
				40D9CBF6E0A5ADDBD3608CE4 /* Release */,
			);
			defaultConfigurationIsVisible = 0;
			defaultConfigurationName = Debug;
		};
		F0C216A3FFECACFC77E36555 /* Build configuration list for PBXNativeTarget "MdEditorUITests" */ = {
			isa = XCConfigurationList;
			buildConfigurations = (
				47184AD7BFEE16E8A8604210 /* Debug */,
				60A8C35E6759C161B043D46A /* Release */,
			);
			defaultConfigurationIsVisible = 0;
			defaultConfigurationName = Debug;
		};
/* End XCConfigurationList section */

/* Begin XCRemoteSwiftPackageReference section */
		DAA732E427A6E3E293E3D8A9 /* XCRemoteSwiftPackageReference "swift-markdown" */ = {
			isa = XCRemoteSwiftPackageReference;
			repositoryURL = "https://github.com/swiftlang/swift-markdown";
			requirement = {
				kind = upToNextMajorVersion;
				minimumVersion = 0.3.0;
			};
		};
/* End XCRemoteSwiftPackageReference section */

/* Begin XCSwiftPackageProductDependency section */
		F2CAAB3B6DF1667818F6D329 /* Markdown */ = {
			isa = XCSwiftPackageProductDependency;
			package = DAA732E427A6E3E293E3D8A9 /* XCRemoteSwiftPackageReference "swift-markdown" */;
			productName = Markdown;
		};
/* End XCSwiftPackageProductDependency section */
	};
	rootObject = 4B0050D6E96ECDC31F3596D8 /* Project object */;
}
